// !$*UTF8*$!
{
	archiveVersion = 1;
	classes = {
	};
	objectVersion = 50;
	objects = {

/* Begin PBXBuildFile section */
		220BEEB32528459900AB7D79 /* AppDelegate.swift in Sources */ = {isa = PBXBuildFile; fileRef = 220BEEB22528459900AB7D79 /* AppDelegate.swift */; };
		220BEEB52528459900AB7D79 /* SceneDelegate.swift in Sources */ = {isa = PBXBuildFile; fileRef = 220BEEB42528459900AB7D79 /* SceneDelegate.swift */; };
		220BEEB72528459900AB7D79 /* ViewController.swift in Sources */ = {isa = PBXBuildFile; fileRef = 220BEEB62528459900AB7D79 /* ViewController.swift */; };
		220BEEBA2528459900AB7D79 /* Main.storyboard in Resources */ = {isa = PBXBuildFile; fileRef = 220BEEB82528459900AB7D79 /* Main.storyboard */; };
		220BEEBC2528459B00AB7D79 /* Assets.xcassets in Resources */ = {isa = PBXBuildFile; fileRef = 220BEEBB2528459B00AB7D79 /* Assets.xcassets */; };
		220BEEBF2528459B00AB7D79 /* LaunchScreen.storyboard in Resources */ = {isa = PBXBuildFile; fileRef = 220BEEBD2528459B00AB7D79 /* LaunchScreen.storyboard */; };
		220BEECA2528459B00AB7D79 /* BullseyeTests.swift in Sources */ = {isa = PBXBuildFile; fileRef = 220BEEC92528459B00AB7D79 /* BullseyeTests.swift */; };
		220BEED52528459B00AB7D79 /* BullseyeUITests.swift in Sources */ = {isa = PBXBuildFile; fileRef = 220BEED42528459B00AB7D79 /* BullseyeUITests.swift */; };
/* End PBXBuildFile section */

/* Begin PBXContainerItemProxy section */
		220BEEC62528459B00AB7D79 /* PBXContainerItemProxy */ = {
			isa = PBXContainerItemProxy;
			containerPortal = 220BEEA72528459900AB7D79 /* Project object */;
			proxyType = 1;
			remoteGlobalIDString = 220BEEAE2528459900AB7D79;
			remoteInfo = Bullseye;
		};
		220BEED12528459B00AB7D79 /* PBXContainerItemProxy */ = {
			isa = PBXContainerItemProxy;
			containerPortal = 220BEEA72528459900AB7D79 /* Project object */;
			proxyType = 1;
			remoteGlobalIDString = 220BEEAE2528459900AB7D79;
			remoteInfo = Bullseye;
		};
/* End PBXContainerItemProxy section */

/* Begin PBXFileReference section */
		220BEEAF2528459900AB7D79 /* Bullseye.app */ = {isa = PBXFileReference; explicitFileType = wrapper.application; includeInIndex = 0; path = Bullseye.app; sourceTree = BUILT_PRODUCTS_DIR; };
		220BEEB22528459900AB7D79 /* AppDelegate.swift */ = {isa = PBXFileReference; lastKnownFileType = sourcecode.swift; path = AppDelegate.swift; sourceTree = "<group>"; };
		220BEEB42528459900AB7D79 /* SceneDelegate.swift */ = {isa = PBXFileReference; lastKnownFileType = sourcecode.swift; path = SceneDelegate.swift; sourceTree = "<group>"; };
		220BEEB62528459900AB7D79 /* ViewController.swift */ = {isa = PBXFileReference; lastKnownFileType = sourcecode.swift; path = ViewController.swift; sourceTree = "<group>"; };
		220BEEB92528459900AB7D79 /* Base */ = {isa = PBXFileReference; lastKnownFileType = file.storyboard; name = Base; path = Base.lproj/Main.storyboard; sourceTree = "<group>"; };
		220BEEBB2528459B00AB7D79 /* Assets.xcassets */ = {isa = PBXFileReference; lastKnownFileType = folder.assetcatalog; path = Assets.xcassets; sourceTree = "<group>"; };
		220BEEBE2528459B00AB7D79 /* Base */ = {isa = PBXFileReference; lastKnownFileType = file.storyboard; name = Base; path = Base.lproj/LaunchScreen.storyboard; sourceTree = "<group>"; };
		220BEEC02528459B00AB7D79 /* Info.plist */ = {isa = PBXFileReference; lastKnownFileType = text.plist.xml; path = Info.plist; sourceTree = "<group>"; };
		220BEEC52528459B00AB7D79 /* BullseyeTests.xctest */ = {isa = PBXFileReference; explicitFileType = wrapper.cfbundle; includeInIndex = 0; path = BullseyeTests.xctest; sourceTree = BUILT_PRODUCTS_DIR; };
		220BEEC92528459B00AB7D79 /* BullseyeTests.swift */ = {isa = PBXFileReference; lastKnownFileType = sourcecode.swift; path = BullseyeTests.swift; sourceTree = "<group>"; };
		220BEECB2528459B00AB7D79 /* Info.plist */ = {isa = PBXFileReference; lastKnownFileType = text.plist.xml; path = Info.plist; sourceTree = "<group>"; };
		220BEED02528459B00AB7D79 /* BullseyeUITests.xctest */ = {isa = PBXFileReference; explicitFileType = wrapper.cfbundle; includeInIndex = 0; path = BullseyeUITests.xctest; sourceTree = BUILT_PRODUCTS_DIR; };
		220BEED42528459B00AB7D79 /* BullseyeUITests.swift */ = {isa = PBXFileReference; lastKnownFileType = sourcecode.swift; path = BullseyeUITests.swift; sourceTree = "<group>"; };
		220BEED62528459B00AB7D79 /* Info.plist */ = {isa = PBXFileReference; lastKnownFileType = text.plist.xml; path = Info.plist; sourceTree = "<group>"; };
/* End PBXFileReference section */

/* Begin PBXFrameworksBuildPhase section */
		220BEEAC2528459900AB7D79 /* Frameworks */ = {
			isa = PBXFrameworksBuildPhase;
			buildActionMask = 2147483647;
			files = (
			);
			runOnlyForDeploymentPostprocessing = 0;
		};
		220BEEC22528459B00AB7D79 /* Frameworks */ = {
			isa = PBXFrameworksBuildPhase;
			buildActionMask = 2147483647;
			files = (
			);
			runOnlyForDeploymentPostprocessing = 0;
		};
		220BEECD2528459B00AB7D79 /* Frameworks */ = {
			isa = PBXFrameworksBuildPhase;
			buildActionMask = 2147483647;
			files = (
			);
			runOnlyForDeploymentPostprocessing = 0;
		};
/* End PBXFrameworksBuildPhase section */

/* Begin PBXGroup section */
		220BEEA62528459900AB7D79 = {
			isa = PBXGroup;
			children = (
				220BEEB12528459900AB7D79 /* Bullseye */,
				220BEEC82528459B00AB7D79 /* BullseyeTests */,
				220BEED32528459B00AB7D79 /* BullseyeUITests */,
				220BEEB02528459900AB7D79 /* Products */,
			);
			sourceTree = "<group>";
		};
		220BEEB02528459900AB7D79 /* Products */ = {
			isa = PBXGroup;
			children = (
				220BEEAF2528459900AB7D79 /* Bullseye.app */,
				220BEEC52528459B00AB7D79 /* BullseyeTests.xctest */,
				220BEED02528459B00AB7D79 /* BullseyeUITests.xctest */,
			);
			name = Products;
			sourceTree = "<group>";
		};
		220BEEB12528459900AB7D79 /* Bullseye */ = {
			isa = PBXGroup;
			children = (
				220BEEB22528459900AB7D79 /* AppDelegate.swift */,
				220BEEB42528459900AB7D79 /* SceneDelegate.swift */,
				220BEEB62528459900AB7D79 /* ViewController.swift */,
				220BEEB82528459900AB7D79 /* Main.storyboard */,
				220BEEBB2528459B00AB7D79 /* Assets.xcassets */,
				220BEEBD2528459B00AB7D79 /* LaunchScreen.storyboard */,
				220BEEC02528459B00AB7D79 /* Info.plist */,
			);
			path = Bullseye;
			sourceTree = "<group>";
		};
		220BEEC82528459B00AB7D79 /* BullseyeTests */ = {
			isa = PBXGroup;
			children = (
				220BEEC92528459B00AB7D79 /* BullseyeTests.swift */,
				220BEECB2528459B00AB7D79 /* Info.plist */,
			);
			path = BullseyeTests;
			sourceTree = "<group>";
		};
		220BEED32528459B00AB7D79 /* BullseyeUITests */ = {
			isa = PBXGroup;
			children = (
				220BEED42528459B00AB7D79 /* BullseyeUITests.swift */,
				220BEED62528459B00AB7D79 /* Info.plist */,
			);
			path = BullseyeUITests;
			sourceTree = "<group>";
		};
/* End PBXGroup section */

/* Begin PBXNativeTarget section */
		220BEEAE2528459900AB7D79 /* Bullseye */ = {
			isa = PBXNativeTarget;
			buildConfigurationList = 220BEED92528459B00AB7D79 /* Build configuration list for PBXNativeTarget "Bullseye" */;
			buildPhases = (
				220BEEAB2528459900AB7D79 /* Sources */,
				220BEEAC2528459900AB7D79 /* Frameworks */,
				220BEEAD2528459900AB7D79 /* Resources */,
			);
			buildRules = (
			);
			dependencies = (
			);
			name = Bullseye;
			productName = Bullseye;
			productReference = 220BEEAF2528459900AB7D79 /* Bullseye.app */;
			productType = "com.apple.product-type.application";
		};
		220BEEC42528459B00AB7D79 /* BullseyeTests */ = {
			isa = PBXNativeTarget;
			buildConfigurationList = 220BEEDC2528459B00AB7D79 /* Build configuration list for PBXNativeTarget "BullseyeTests" */;
			buildPhases = (
				220BEEC12528459B00AB7D79 /* Sources */,
				220BEEC22528459B00AB7D79 /* Frameworks */,
				220BEEC32528459B00AB7D79 /* Resources */,
			);
			buildRules = (
			);
			dependencies = (
				220BEEC72528459B00AB7D79 /* PBXTargetDependency */,
			);
			name = BullseyeTests;
			productName = BullseyeTests;
			productReference = 220BEEC52528459B00AB7D79 /* BullseyeTests.xctest */;
			productType = "com.apple.product-type.bundle.unit-test";
		};
		220BEECF2528459B00AB7D79 /* BullseyeUITests */ = {
			isa = PBXNativeTarget;
			buildConfigurationList = 220BEEDF2528459B00AB7D79 /* Build configuration list for PBXNativeTarget "BullseyeUITests" */;
			buildPhases = (
				220BEECC2528459B00AB7D79 /* Sources */,
				220BEECD2528459B00AB7D79 /* Frameworks */,
				220BEECE2528459B00AB7D79 /* Resources */,
			);
			buildRules = (
			);
			dependencies = (
				220BEED22528459B00AB7D79 /* PBXTargetDependency */,
			);
			name = BullseyeUITests;
			productName = BullseyeUITests;
			productReference = 220BEED02528459B00AB7D79 /* BullseyeUITests.xctest */;
			productType = "com.apple.product-type.bundle.ui-testing";
		};
/* End PBXNativeTarget section */

/* Begin PBXProject section */
		220BEEA72528459900AB7D79 /* Project object */ = {
			isa = PBXProject;
			attributes = {
				LastSwiftUpdateCheck = 1200;
				LastUpgradeCheck = 1200;
				TargetAttributes = {
					220BEEAE2528459900AB7D79 = {
						CreatedOnToolsVersion = 12.0;
					};
					220BEEC42528459B00AB7D79 = {
						CreatedOnToolsVersion = 12.0;
						TestTargetID = 220BEEAE2528459900AB7D79;
					};
					220BEECF2528459B00AB7D79 = {
						CreatedOnToolsVersion = 12.0;
						TestTargetID = 220BEEAE2528459900AB7D79;
					};
				};
			};
			buildConfigurationList = 220BEEAA2528459900AB7D79 /* Build configuration list for PBXProject "Bullseye" */;
			compatibilityVersion = "Xcode 9.3";
			developmentRegion = en;
			hasScannedForEncodings = 0;
			knownRegions = (
				en,
				Base,
			);
			mainGroup = 220BEEA62528459900AB7D79;
			productRefGroup = 220BEEB02528459900AB7D79 /* Products */;
			projectDirPath = "";
			projectRoot = "";
			targets = (
				220BEEAE2528459900AB7D79 /* Bullseye */,
				220BEEC42528459B00AB7D79 /* BullseyeTests */,
				220BEECF2528459B00AB7D79 /* BullseyeUITests */,
			);
		};
/* End PBXProject section */

/* Begin PBXResourcesBuildPhase section */
		220BEEAD2528459900AB7D79 /* Resources */ = {
			isa = PBXResourcesBuildPhase;
			buildActionMask = 2147483647;
			files = (
				220BEEBF2528459B00AB7D79 /* LaunchScreen.storyboard in Resources */,
				220BEEBC2528459B00AB7D79 /* Assets.xcassets in Resources */,
				220BEEBA2528459900AB7D79 /* Main.storyboard in Resources */,
			);
			runOnlyForDeploymentPostprocessing = 0;
		};
		220BEEC32528459B00AB7D79 /* Resources */ = {
			isa = PBXResourcesBuildPhase;
			buildActionMask = 2147483647;
			files = (
			);
			runOnlyForDeploymentPostprocessing = 0;
		};
		220BEECE2528459B00AB7D79 /* Resources */ = {
			isa = PBXResourcesBuildPhase;
			buildActionMask = 2147483647;
			files = (
			);
			runOnlyForDeploymentPostprocessing = 0;
		};
/* End PBXResourcesBuildPhase section */

/* Begin PBXSourcesBuildPhase section */
		220BEEAB2528459900AB7D79 /* Sources */ = {
			isa = PBXSourcesBuildPhase;
			buildActionMask = 2147483647;
			files = (
				220BEEB72528459900AB7D79 /* ViewController.swift in Sources */,
				220BEEB32528459900AB7D79 /* AppDelegate.swift in Sources */,
				220BEEB52528459900AB7D79 /* SceneDelegate.swift in Sources */,
			);
			runOnlyForDeploymentPostprocessing = 0;
		};
		220BEEC12528459B00AB7D79 /* Sources */ = {
			isa = PBXSourcesBuildPhase;
			buildActionMask = 2147483647;
			files = (
				220BEECA2528459B00AB7D79 /* BullseyeTests.swift in Sources */,
			);
			runOnlyForDeploymentPostprocessing = 0;
		};
		220BEECC2528459B00AB7D79 /* Sources */ = {
			isa = PBXSourcesBuildPhase;
			buildActionMask = 2147483647;
			files = (
				220BEED52528459B00AB7D79 /* BullseyeUITests.swift in Sources */,
			);
			runOnlyForDeploymentPostprocessing = 0;
		};
/* End PBXSourcesBuildPhase section */

/* Begin PBXTargetDependency section */
		220BEEC72528459B00AB7D79 /* PBXTargetDependency */ = {
			isa = PBXTargetDependency;
			target = 220BEEAE2528459900AB7D79 /* Bullseye */;
			targetProxy = 220BEEC62528459B00AB7D79 /* PBXContainerItemProxy */;
		};
		220BEED22528459B00AB7D79 /* PBXTargetDependency */ = {
			isa = PBXTargetDependency;
			target = 220BEEAE2528459900AB7D79 /* Bullseye */;
			targetProxy = 220BEED12528459B00AB7D79 /* PBXContainerItemProxy */;
		};
/* End PBXTargetDependency section */

/* Begin PBXVariantGroup section */
		220BEEB82528459900AB7D79 /* Main.storyboard */ = {
			isa = PBXVariantGroup;
			children = (
				220BEEB92528459900AB7D79 /* Base */,
			);
			name = Main.storyboard;
			sourceTree = "<group>";
		};
		220BEEBD2528459B00AB7D79 /* LaunchScreen.storyboard */ = {
			isa = PBXVariantGroup;
			children = (
				220BEEBE2528459B00AB7D79 /* Base */,
			);
			name = LaunchScreen.storyboard;
			sourceTree = "<group>";
		};
/* End PBXVariantGroup section */

/* Begin XCBuildConfiguration section */
		220BEED72528459B00AB7D79 /* Debug */ = {
			isa = XCBuildConfiguration;
			buildSettings = {
				ALWAYS_SEARCH_USER_PATHS = NO;
				CLANG_ANALYZER_NONNULL = YES;
				CLANG_ANALYZER_NUMBER_OBJECT_CONVERSION = YES_AGGRESSIVE;
				CLANG_CXX_LANGUAGE_STANDARD = "gnu++14";
				CLANG_CXX_LIBRARY = "libc++";
				CLANG_ENABLE_MODULES = YES;
				CLANG_ENABLE_OBJC_ARC = YES;
				CLANG_ENABLE_OBJC_WEAK = YES;
				CLANG_WARN_BLOCK_CAPTURE_AUTORELEASING = YES;
				CLANG_WARN_BOOL_CONVERSION = YES;
				CLANG_WARN_COMMA = YES;
				CLANG_WARN_CONSTANT_CONVERSION = YES;
				CLANG_WARN_DEPRECATED_OBJC_IMPLEMENTATIONS = YES;
				CLANG_WARN_DIRECT_OBJC_ISA_USAGE = YES_ERROR;
				CLANG_WARN_DOCUMENTATION_COMMENTS = YES;
				CLANG_WARN_EMPTY_BODY = YES;
				CLANG_WARN_ENUM_CONVERSION = YES;
				CLANG_WARN_INFINITE_RECURSION = YES;
				CLANG_WARN_INT_CONVERSION = YES;
				CLANG_WARN_NON_LITERAL_NULL_CONVERSION = YES;
				CLANG_WARN_OBJC_IMPLICIT_RETAIN_SELF = YES;
				CLANG_WARN_OBJC_LITERAL_CONVERSION = YES;
				CLANG_WARN_OBJC_ROOT_CLASS = YES_ERROR;
				CLANG_WARN_QUOTED_INCLUDE_IN_FRAMEWORK_HEADER = YES;
				CLANG_WARN_RANGE_LOOP_ANALYSIS = YES;
				CLANG_WARN_STRICT_PROTOTYPES = YES;
				CLANG_WARN_SUSPICIOUS_MOVE = YES;
				CLANG_WARN_UNGUARDED_AVAILABILITY = YES_AGGRESSIVE;
				CLANG_WARN_UNREACHABLE_CODE = YES;
				CLANG_WARN__DUPLICATE_METHOD_MATCH = YES;
				COPY_PHASE_STRIP = NO;
				DEBUG_INFORMATION_FORMAT = dwarf;
				ENABLE_STRICT_OBJC_MSGSEND = YES;
				ENABLE_TESTABILITY = YES;
				GCC_C_LANGUAGE_STANDARD = gnu11;
				GCC_DYNAMIC_NO_PIC = NO;
				GCC_NO_COMMON_BLOCKS = YES;
				GCC_OPTIMIZATION_LEVEL = 0;
				GCC_PREPROCESSOR_DEFINITIONS = (
					"DEBUG=1",
					"$(inherited)",
				);
				GCC_WARN_64_TO_32_BIT_CONVERSION = YES;
				GCC_WARN_ABOUT_RETURN_TYPE = YES_ERROR;
				GCC_WARN_UNDECLARED_SELECTOR = YES;
				GCC_WARN_UNINITIALIZED_AUTOS = YES_AGGRESSIVE;
				GCC_WARN_UNUSED_FUNCTION = YES;
				GCC_WARN_UNUSED_VARIABLE = YES;
				IPHONEOS_DEPLOYMENT_TARGET = 14.0;
				MTL_ENABLE_DEBUG_INFO = INCLUDE_SOURCE;
				MTL_FAST_MATH = YES;
				ONLY_ACTIVE_ARCH = YES;
				SDKROOT = iphoneos;
				SWIFT_ACTIVE_COMPILATION_CONDITIONS = DEBUG;
				SWIFT_OPTIMIZATION_LEVEL = "-Onone";
			};
			name = Debug;
		};
		220BEED82528459B00AB7D79 /* Release */ = {
			isa = XCBuildConfiguration;
			buildSettings = {
				ALWAYS_SEARCH_USER_PATHS = NO;
				CLANG_ANALYZER_NONNULL = YES;
				CLANG_ANALYZER_NUMBER_OBJECT_CONVERSION = YES_AGGRESSIVE;
				CLANG_CXX_LANGUAGE_STANDARD = "gnu++14";
				CLANG_CXX_LIBRARY = "libc++";
				CLANG_ENABLE_MODULES = YES;
				CLANG_ENABLE_OBJC_ARC = YES;
				CLANG_ENABLE_OBJC_WEAK = YES;
				CLANG_WARN_BLOCK_CAPTURE_AUTORELEASING = YES;
				CLANG_WARN_BOOL_CONVERSION = YES;
				CLANG_WARN_COMMA = YES;
				CLANG_WARN_CONSTANT_CONVERSION = YES;
				CLANG_WARN_DEPRECATED_OBJC_IMPLEMENTATIONS = YES;
				CLANG_WARN_DIRECT_OBJC_ISA_USAGE = YES_ERROR;
				CLANG_WARN_DOCUMENTATION_COMMENTS = YES;
				CLANG_WARN_EMPTY_BODY = YES;
				CLANG_WARN_ENUM_CONVERSION = YES;
				CLANG_WARN_INFINITE_RECURSION = YES;
				CLANG_WARN_INT_CONVERSION = YES;
				CLANG_WARN_NON_LITERAL_NULL_CONVERSION = YES;
				CLANG_WARN_OBJC_IMPLICIT_RETAIN_SELF = YES;
				CLANG_WARN_OBJC_LITERAL_CONVERSION = YES;
				CLANG_WARN_OBJC_ROOT_CLASS = YES_ERROR;
				CLANG_WARN_QUOTED_INCLUDE_IN_FRAMEWORK_HEADER = YES;
				CLANG_WARN_RANGE_LOOP_ANALYSIS = YES;
				CLANG_WARN_STRICT_PROTOTYPES = YES;
				CLANG_WARN_SUSPICIOUS_MOVE = YES;
				CLANG_WARN_UNGUARDED_AVAILABILITY = YES_AGGRESSIVE;
				CLANG_WARN_UNREACHABLE_CODE = YES;
				CLANG_WARN__DUPLICATE_METHOD_MATCH = YES;
				COPY_PHASE_STRIP = NO;
				DEBUG_INFORMATION_FORMAT = "dwarf-with-dsym";
				ENABLE_NS_ASSERTIONS = NO;
				ENABLE_STRICT_OBJC_MSGSEND = YES;
				GCC_C_LANGUAGE_STANDARD = gnu11;
				GCC_NO_COMMON_BLOCKS = YES;
				GCC_WARN_64_TO_32_BIT_CONVERSION = YES;
				GCC_WARN_ABOUT_RETURN_TYPE = YES_ERROR;
				GCC_WARN_UNDECLARED_SELECTOR = YES;
				GCC_WARN_UNINITIALIZED_AUTOS = YES_AGGRESSIVE;
				GCC_WARN_UNUSED_FUNCTION = YES;
				GCC_WARN_UNUSED_VARIABLE = YES;
				IPHONEOS_DEPLOYMENT_TARGET = 14.0;
				MTL_ENABLE_DEBUG_INFO = NO;
				MTL_FAST_MATH = YES;
				SDKROOT = iphoneos;
				SWIFT_COMPILATION_MODE = wholemodule;
				SWIFT_OPTIMIZATION_LEVEL = "-O";
				VALIDATE_PRODUCT = YES;
			};
			name = Release;
		};
		220BEEDA2528459B00AB7D79 /* Debug */ = {
			isa = XCBuildConfiguration;
			buildSettings = {
				ASSETCATALOG_COMPILER_APPICON_NAME = AppIcon;
				ASSETCATALOG_COMPILER_GLOBAL_ACCENT_COLOR_NAME = AccentColor;
				CODE_SIGN_STYLE = Automatic;
				DEVELOPMENT_TEAM = J86TGP94P2;
				INFOPLIST_FILE = Bullseye/Info.plist;
				LD_RUNPATH_SEARCH_PATHS = (
					"$(inherited)",
					"@executable_path/Frameworks",
				);
				PRODUCT_BUNDLE_IDENTIFIER = "Lilly-Liu.Bullseye";
				PRODUCT_NAME = "$(TARGET_NAME)";
				SWIFT_VERSION = 5.0;
				TARGETED_DEVICE_FAMILY = "1,2";
			};
			name = Debug;
		};
		220BEEDB2528459B00AB7D79 /* Release */ = {
			isa = XCBuildConfiguration;
			buildSettings = {
				ASSETCATALOG_COMPILER_APPICON_NAME = AppIcon;
				ASSETCATALOG_COMPILER_GLOBAL_ACCENT_COLOR_NAME = AccentColor;
				CODE_SIGN_STYLE = Automatic;
				DEVELOPMENT_TEAM = J86TGP94P2;
				INFOPLIST_FILE = Bullseye/Info.plist;
				LD_RUNPATH_SEARCH_PATHS = (
					"$(inherited)",
					"@executable_path/Frameworks",
				);
				PRODUCT_BUNDLE_IDENTIFIER = "Lilly-Liu.Bullseye";
				PRODUCT_NAME = "$(TARGET_NAME)";
				SWIFT_VERSION = 5.0;
				TARGETED_DEVICE_FAMILY = "1,2";
			};
			name = Release;
		};
		220BEEDD2528459B00AB7D79 /* Debug */ = {
			isa = XCBuildConfiguration;
			buildSettings = {
				ALWAYS_EMBED_SWIFT_STANDARD_LIBRARIES = YES;
				BUNDLE_LOADER = "$(TEST_HOST)";
				CODE_SIGN_STYLE = Automatic;
				DEVELOPMENT_TEAM = J86TGP94P2;
				INFOPLIST_FILE = BullseyeTests/Info.plist;
				IPHONEOS_DEPLOYMENT_TARGET = 14.0;
				LD_RUNPATH_SEARCH_PATHS = (
					"$(inherited)",
					"@executable_path/Frameworks",
					"@loader_path/Frameworks",
				);
				PRODUCT_BUNDLE_IDENTIFIER = "Lilly-Liu.BullseyeTests";
				PRODUCT_NAME = "$(TARGET_NAME)";
				SWIFT_VERSION = 5.0;
				TARGETED_DEVICE_FAMILY = "1,2";
				TEST_HOST = "$(BUILT_PRODUCTS_DIR)/Bullseye.app/Bullseye";
			};
			name = Debug;
		};
		220BEEDE2528459B00AB7D79 /* Release */ = {
			isa = XCBuildConfiguration;
			buildSettings = {
				ALWAYS_EMBED_SWIFT_STANDARD_LIBRARIES = YES;
				BUNDLE_LOADER = "$(TEST_HOST)";
				CODE_SIGN_STYLE = Automatic;
				DEVELOPMENT_TEAM = J86TGP94P2;
				INFOPLIST_FILE = BullseyeTests/Info.plist;
				IPHONEOS_DEPLOYMENT_TARGET = 14.0;
				LD_RUNPATH_SEARCH_PATHS = (
					"$(inherited)",
					"@executable_path/Frameworks",
					"@loader_path/Frameworks",
				);
				PRODUCT_BUNDLE_IDENTIFIER = "Lilly-Liu.BullseyeTests";
				PRODUCT_NAME = "$(TARGET_NAME)";
				SWIFT_VERSION = 5.0;
				TARGETED_DEVICE_FAMILY = "1,2";
				TEST_HOST = "$(BUILT_PRODUCTS_DIR)/Bullseye.app/Bullseye";
			};
			name = Release;
		};
		220BEEE02528459B00AB7D79 /* Debug */ = {
			isa = XCBuildConfiguration;
			buildSettings = {
				ALWAYS_EMBED_SWIFT_STANDARD_LIBRARIES = YES;
				CODE_SIGN_STYLE = Automatic;
				DEVELOPMENT_TEAM = J86TGP94P2;
				INFOPLIST_FILE = BullseyeUITests/Info.plist;
				LD_RUNPATH_SEARCH_PATHS = (
					"$(inherited)",
					"@executable_path/Frameworks",
					"@loader_path/Frameworks",
				);
				PRODUCT_BUNDLE_IDENTIFIER = "Lilly-Liu.BullseyeUITests";
				PRODUCT_NAME = "$(TARGET_NAME)";
				SWIFT_VERSION = 5.0;
				TARGETED_DEVICE_FAMILY = "1,2";
				TEST_TARGET_NAME = Bullseye;
			};
			name = Debug;
		};
		220BEEE12528459B00AB7D79 /* Release */ = {
			isa = XCBuildConfiguration;
			buildSettings = {
				ALWAYS_EMBED_SWIFT_STANDARD_LIBRARIES = YES;
				CODE_SIGN_STYLE = Automatic;
				DEVELOPMENT_TEAM = J86TGP94P2;
				INFOPLIST_FILE = BullseyeUITests/Info.plist;
				LD_RUNPATH_SEARCH_PATHS = (
					"$(inherited)",
					"@executable_path/Frameworks",
					"@loader_path/Frameworks",
				);
				PRODUCT_BUNDLE_IDENTIFIER = "Lilly-Liu.BullseyeUITests";
				PRODUCT_NAME = "$(TARGET_NAME)";
				SWIFT_VERSION = 5.0;
				TARGETED_DEVICE_FAMILY = "1,2";
				TEST_TARGET_NAME = Bullseye;
			};
			name = Release;
		};
/* End XCBuildConfiguration section */

/* Begin XCConfigurationList section */
		220BEEAA2528459900AB7D79 /* Build configuration list for PBXProject "Bullseye" */ = {
			isa = XCConfigurationList;
			buildConfigurations = (
				220BEED72528459B00AB7D79 /* Debug */,
				220BEED82528459B00AB7D79 /* Release */,
			);
			defaultConfigurationIsVisible = 0;
			defaultConfigurationName = Release;
		};
		220BEED92528459B00AB7D79 /* Build configuration list for PBXNativeTarget "Bullseye" */ = {
			isa = XCConfigurationList;
			buildConfigurations = (
				220BEEDA2528459B00AB7D79 /* Debug */,
				220BEEDB2528459B00AB7D79 /* Release */,
			);
			defaultConfigurationIsVisible = 0;
			defaultConfigurationName = Release;
		};
		220BEEDC2528459B00AB7D79 /* Build configuration list for PBXNativeTarget "BullseyeTests" */ = {
			isa = XCConfigurationList;
			buildConfigurations = (
				220BEEDD2528459B00AB7D79 /* Debug */,
				220BEEDE2528459B00AB7D79 /* Release */,
			);
			defaultConfigurationIsVisible = 0;
			defaultConfigurationName = Release;
		};
		220BEEDF2528459B00AB7D79 /* Build configuration list for PBXNativeTarget "BullseyeUITests" */ = {
			isa = XCConfigurationList;
			buildConfigurations = (
				220BEEE02528459B00AB7D79 /* Debug */,
				220BEEE12528459B00AB7D79 /* Release */,
			);
			defaultConfigurationIsVisible = 0;
			defaultConfigurationName = Release;
		};
/* End XCConfigurationList section */
	};
	rootObject = 220BEEA72528459900AB7D79 /* Project object */;
}
